
Microsoft Visual Studio Solution File, Format Version 12.00
# Visual Studio 2013
VisualStudioVersion = 12.0.31101.0
MinimumVisualStudioVersion = 10.0.40219.1
Project("{2150E333-8FDC-42A3-9474-1A3956D46DE8}") = ".nuget", ".nuget", "{212FDE21-E4C5-41F5-B898-0435636D1EE7}"
	ProjectSection(SolutionItems) = preProject
		.nuget\NuGet.Config = .nuget\NuGet.Config
		.nuget\NuGet.exe = .nuget\NuGet.exe
	EndProjectSection
EndProject
Project("{2150E333-8FDC-42A3-9474-1A3956D46DE8}") = "Solution Items", "Solution Items", "{37A2A7DB-6E71-4C51-940F-DD23AC4C0929}"
	ProjectSection(SolutionItems) = preProject
		README.md = README.md
	EndProjectSection
EndProject
Project("{FAE04EC0-301F-11D3-BF4B-00C04F79EFBC}") = "HealthMonitoring", "HealthMonitoring\HealthMonitoring.csproj", "{B04E2F95-8F59-4B5C-AC93-4688EA6848D8}"
EndProject
Project("{FAE04EC0-301F-11D3-BF4B-00C04F79EFBC}") = "HealthMonitoring.SelfHost", "HealthMonitoring.SelfHost\HealthMonitoring.SelfHost.csproj", "{C7EB3E43-9DC4-4D10-9799-3371133BAEF9}"
EndProject
Project("{2150E333-8FDC-42A3-9474-1A3956D46DE8}") = "Tests", "Tests", "{11868196-C99E-4959-BE4D-7BEB75B76986}"
EndProject
Project("{FAE04EC0-301F-11D3-BF4B-00C04F79EFBC}") = "HealthMonitoring.UnitTests", "HealthMonitoring.UnitTests\HealthMonitoring.UnitTests.csproj", "{FB141974-6BFF-45AD-A78B-33536975B236}"
EndProject
Project("{FAE04EC0-301F-11D3-BF4B-00C04F79EFBC}") = "HealthMonitoring.AcceptanceTests", "HealthMonitoring.AcceptanceTests\HealthMonitoring.AcceptanceTests.csproj", "{798E64F8-B8E4-4638-8CA8-08B4AF984B06}"
	ProjectSection(ProjectDependencies) = postProject
		{C7EB3E43-9DC4-4D10-9799-3371133BAEF9} = {C7EB3E43-9DC4-4D10-9799-3371133BAEF9}
	EndProjectSection
EndProject
Project("{FAE04EC0-301F-11D3-BF4B-00C04F79EFBC}") = "HealthMonitoring.Monitors", "HealthMonitoring.Monitors\HealthMonitoring.Monitors.csproj", "{D26577BB-BEA8-4911-8C25-37E268609E3F}"
EndProject
Project("{FAE04EC0-301F-11D3-BF4B-00C04F79EFBC}") = "HealthMonitoring.Monitors.Broken", "HealthMonitoring.Monitors.Broken\HealthMonitoring.Monitors.Broken.csproj", "{B38787FD-3B64-47B3-82B9-381E34BBDC5F}"
EndProject
Project("{2150E333-8FDC-42A3-9474-1A3956D46DE8}") = "Helpers", "Helpers", "{F0A0E7E8-5BFB-483F-84DA-957D5930539B}"
EndProject
Project("{FAE04EC0-301F-11D3-BF4B-00C04F79EFBC}") = "HealthMonitoring.Monitors.Http", "HealthMonitoring.Monitors.Http\HealthMonitoring.Monitors.Http.csproj", "{CD713C15-4FCD-4AC2-B0B0-8173F580A0AF}"
EndProject
Project("{FAE04EC0-301F-11D3-BF4B-00C04F79EFBC}") = "HealthMonitoring.Persistence", "HealthMonitoring.Persistence\HealthMonitoring.Persistence.csproj", "{FF304FBD-1BDF-49CD-8E2A-4E20D2083BA0}"
EndProject
Global
	GlobalSection(SolutionConfigurationPlatforms) = preSolution
		Debug|Any CPU = Debug|Any CPU
		Release|Any CPU = Release|Any CPU
	EndGlobalSection
	GlobalSection(ProjectConfigurationPlatforms) = postSolution
		{B04E2F95-8F59-4B5C-AC93-4688EA6848D8}.Debug|Any CPU.ActiveCfg = Debug|Any CPU
		{B04E2F95-8F59-4B5C-AC93-4688EA6848D8}.Debug|Any CPU.Build.0 = Debug|Any CPU
		{B04E2F95-8F59-4B5C-AC93-4688EA6848D8}.Release|Any CPU.ActiveCfg = Release|Any CPU
		{B04E2F95-8F59-4B5C-AC93-4688EA6848D8}.Release|Any CPU.Build.0 = Release|Any CPU
		{C7EB3E43-9DC4-4D10-9799-3371133BAEF9}.Debug|Any CPU.ActiveCfg = Debug|Any CPU
		{C7EB3E43-9DC4-4D10-9799-3371133BAEF9}.Debug|Any CPU.Build.0 = Debug|Any CPU
		{C7EB3E43-9DC4-4D10-9799-3371133BAEF9}.Release|Any CPU.ActiveCfg = Release|Any CPU
		{C7EB3E43-9DC4-4D10-9799-3371133BAEF9}.Release|Any CPU.Build.0 = Release|Any CPU
		{FB141974-6BFF-45AD-A78B-33536975B236}.Debug|Any CPU.ActiveCfg = Debug|Any CPU
		{FB141974-6BFF-45AD-A78B-33536975B236}.Debug|Any CPU.Build.0 = Debug|Any CPU
		{FB141974-6BFF-45AD-A78B-33536975B236}.Release|Any CPU.ActiveCfg = Release|Any CPU
		{FB141974-6BFF-45AD-A78B-33536975B236}.Release|Any CPU.Build.0 = Release|Any CPU
		{798E64F8-B8E4-4638-8CA8-08B4AF984B06}.Debug|Any CPU.ActiveCfg = Debug|Any CPU
		{798E64F8-B8E4-4638-8CA8-08B4AF984B06}.Debug|Any CPU.Build.0 = Debug|Any CPU
		{798E64F8-B8E4-4638-8CA8-08B4AF984B06}.Release|Any CPU.ActiveCfg = Release|Any CPU
		{798E64F8-B8E4-4638-8CA8-08B4AF984B06}.Release|Any CPU.Build.0 = Release|Any CPU
		{D26577BB-BEA8-4911-8C25-37E268609E3F}.Debug|Any CPU.ActiveCfg = Debug|Any CPU
		{D26577BB-BEA8-4911-8C25-37E268609E3F}.Debug|Any CPU.Build.0 = Debug|Any CPU
		{D26577BB-BEA8-4911-8C25-37E268609E3F}.Release|Any CPU.ActiveCfg = Release|Any CPU
		{D26577BB-BEA8-4911-8C25-37E268609E3F}.Release|Any CPU.Build.0 = Release|Any CPU
		{B38787FD-3B64-47B3-82B9-381E34BBDC5F}.Debug|Any CPU.ActiveCfg = Debug|Any CPU
		{B38787FD-3B64-47B3-82B9-381E34BBDC5F}.Debug|Any CPU.Build.0 = Debug|Any CPU
		{B38787FD-3B64-47B3-82B9-381E34BBDC5F}.Release|Any CPU.ActiveCfg = Release|Any CPU
		{B38787FD-3B64-47B3-82B9-381E34BBDC5F}.Release|Any CPU.Build.0 = Release|Any CPU
		{CD713C15-4FCD-4AC2-B0B0-8173F580A0AF}.Debug|Any CPU.ActiveCfg = Debug|Any CPU
		{CD713C15-4FCD-4AC2-B0B0-8173F580A0AF}.Debug|Any CPU.Build.0 = Debug|Any CPU
		{CD713C15-4FCD-4AC2-B0B0-8173F580A0AF}.Release|Any CPU.ActiveCfg = Release|Any CPU
		{CD713C15-4FCD-4AC2-B0B0-8173F580A0AF}.Release|Any CPU.Build.0 = Release|Any CPU
		{FF304FBD-1BDF-49CD-8E2A-4E20D2083BA0}.Debug|Any CPU.ActiveCfg = Debug|Any CPU
		{FF304FBD-1BDF-49CD-8E2A-4E20D2083BA0}.Debug|Any CPU.Build.0 = Debug|Any CPU
		{FF304FBD-1BDF-49CD-8E2A-4E20D2083BA0}.Release|Any CPU.ActiveCfg = Release|Any CPU
		{FF304FBD-1BDF-49CD-8E2A-4E20D2083BA0}.Release|Any CPU.Build.0 = Release|Any CPU
	EndGlobalSection
	GlobalSection(SolutionProperties) = preSolution
		HideSolutionNode = FALSE
	EndGlobalSection
	GlobalSection(NestedProjects) = preSolution
		{FB141974-6BFF-45AD-A78B-33536975B236} = {11868196-C99E-4959-BE4D-7BEB75B76986}
		{798E64F8-B8E4-4638-8CA8-08B4AF984B06} = {11868196-C99E-4959-BE4D-7BEB75B76986}
		{B38787FD-3B64-47B3-82B9-381E34BBDC5F} = {F0A0E7E8-5BFB-483F-84DA-957D5930539B}
		{F0A0E7E8-5BFB-483F-84DA-957D5930539B} = {11868196-C99E-4959-BE4D-7BEB75B76986}
	EndGlobalSection
EndGlobal
