
Microsoft Visual Studio Solution File, Format Version 12.00
# Visual Studio 15
VisualStudioVersion = 15.0.26228.4
MinimumVisualStudioVersion = 10.0.40219.1
Project("{2150E333-8FDC-42A3-9474-1A3956D46DE8}") = ".nuget", ".nuget", "{212FDE21-E4C5-41F5-B898-0435636D1EE7}"
	ProjectSection(SolutionItems) = preProject
		.nuget\NuGet.Config = .nuget\NuGet.Config
		.nuget\NuGet.exe = .nuget\NuGet.exe
	EndProjectSection
EndProject
Project("{2150E333-8FDC-42A3-9474-1A3956D46DE8}") = "Solution Items", "Solution Items", "{37A2A7DB-6E71-4C51-940F-DD23AC4C0929}"
	ProjectSection(SolutionItems) = preProject
		HealthMonitoring.Monitors.Http-deploy.nuspec = HealthMonitoring.Monitors.Http-deploy.nuspec
		HealthMonitoring.Monitors.Nsb3-deploy.nuspec = HealthMonitoring.Monitors.Nsb3-deploy.nuspec
		HealthMonitoring.Monitors.Nsb5.Msmq-deploy.nuspec = HealthMonitoring.Monitors.Nsb5.Msmq-deploy.nuspec
		HealthMonitoring.Monitors.Nsb5.RabbitMq-deploy.nuspec = HealthMonitoring.Monitors.Nsb5.RabbitMq-deploy.nuspec
		HealthMonitoring.Monitors.Nsb6.RabbitMq-deploy.nuspec = HealthMonitoring.Monitors.Nsb6.RabbitMq-deploy.nuspec
		HealthMonitoring.Service-deploy.nuspec = HealthMonitoring.Service-deploy.nuspec
		LICENSE = LICENSE
		README.md = README.md
	EndProjectSection
EndProject
Project("{FAE04EC0-301F-11D3-BF4B-00C04F79EFBC}") = "HealthMonitoring", "HealthMonitoring\HealthMonitoring.csproj", "{B04E2F95-8F59-4B5C-AC93-4688EA6848D8}"
EndProject
Project("{FAE04EC0-301F-11D3-BF4B-00C04F79EFBC}") = "HealthMonitoring.SelfHost", "HealthMonitoring.SelfHost\HealthMonitoring.SelfHost.csproj", "{C7EB3E43-9DC4-4D10-9799-3371133BAEF9}"
EndProject
Project("{2150E333-8FDC-42A3-9474-1A3956D46DE8}") = "Tests", "Tests", "{11868196-C99E-4959-BE4D-7BEB75B76986}"
EndProject
Project("{FAE04EC0-301F-11D3-BF4B-00C04F79EFBC}") = "HealthMonitoring.AcceptanceTests", "HealthMonitoring.AcceptanceTests\HealthMonitoring.AcceptanceTests.csproj", "{798E64F8-B8E4-4638-8CA8-08B4AF984B06}"
	ProjectSection(ProjectDependencies) = postProject
		{CD713C15-4FCD-4AC2-B0B0-8173F580A0AF} = {CD713C15-4FCD-4AC2-B0B0-8173F580A0AF}
		{C7EB3E43-9DC4-4D10-9799-3371133BAEF9} = {C7EB3E43-9DC4-4D10-9799-3371133BAEF9}
		{CC8E6267-4F07-4286-BDCC-C812572CD79D} = {CC8E6267-4F07-4286-BDCC-C812572CD79D}
		{59F2C984-F0A4-402E-ADF3-FB5E1ED46B73} = {59F2C984-F0A4-402E-ADF3-FB5E1ED46B73}
		{DEDA7C86-EC81-4C92-95CF-9BFBF7362B05} = {DEDA7C86-EC81-4C92-95CF-9BFBF7362B05}
		{35E7D788-521C-4944-93F0-7C064B28F9A3} = {35E7D788-521C-4944-93F0-7C064B28F9A3}
		{D2B2C794-D3FB-4CC1-8FC0-DA4B627156C9} = {D2B2C794-D3FB-4CC1-8FC0-DA4B627156C9}
		{77CFC2D9-8306-439A-94B5-2F6C2A0B388C} = {77CFC2D9-8306-439A-94B5-2F6C2A0B388C}
		{318A5BE2-CC1A-4768-9E80-0245F4374B7A} = {318A5BE2-CC1A-4768-9E80-0245F4374B7A}
		{E41F26FB-56CE-4980-A031-C64A4FA81FAD} = {E41F26FB-56CE-4980-A031-C64A4FA81FAD}
		{F1D68DFC-6147-4831-8D03-05712A222F29} = {F1D68DFC-6147-4831-8D03-05712A222F29}
	EndProjectSection
EndProject
Project("{FAE04EC0-301F-11D3-BF4B-00C04F79EFBC}") = "HealthMonitoring.Monitors", "HealthMonitoring.Monitors\HealthMonitoring.Monitors.csproj", "{D26577BB-BEA8-4911-8C25-37E268609E3F}"
EndProject
Project("{FAE04EC0-301F-11D3-BF4B-00C04F79EFBC}") = "HealthMonitoring.Monitors.Broken", "HealthMonitoring.Monitors.Broken\HealthMonitoring.Monitors.Broken.csproj", "{B38787FD-3B64-47B3-82B9-381E34BBDC5F}"
EndProject
Project("{2150E333-8FDC-42A3-9474-1A3956D46DE8}") = "Helpers", "Helpers", "{F0A0E7E8-5BFB-483F-84DA-957D5930539B}"
EndProject
Project("{FAE04EC0-301F-11D3-BF4B-00C04F79EFBC}") = "HealthMonitoring.Monitors.Http", "HealthMonitoring.Monitors.Http\HealthMonitoring.Monitors.Http.csproj", "{CD713C15-4FCD-4AC2-B0B0-8173F580A0AF}"
EndProject
Project("{FAE04EC0-301F-11D3-BF4B-00C04F79EFBC}") = "HealthMonitoring.Persistence", "HealthMonitoring.Persistence\HealthMonitoring.Persistence.csproj", "{FF304FBD-1BDF-49CD-8E2A-4E20D2083BA0}"
EndProject
Project("{FAE04EC0-301F-11D3-BF4B-00C04F79EFBC}") = "HealthMonitoring.Monitors.Nsb3.Messages", "HealthMonitoring.Monitors.Nsb3.Messages\HealthMonitoring.Monitors.Nsb3.Messages.csproj", "{951ADE4C-E0B1-4CA7-81DA-2038F6B18198}"
EndProject
Project("{FAE04EC0-301F-11D3-BF4B-00C04F79EFBC}") = "HealthMonitoring.Monitors.Nsb3", "HealthMonitoring.Monitors.Nsb3\HealthMonitoring.Monitors.Nsb3.csproj", "{D2B2C794-D3FB-4CC1-8FC0-DA4B627156C9}"
EndProject
Project("{FAE04EC0-301F-11D3-BF4B-00C04F79EFBC}") = "HealthMonitoring.SampleNsb3Host", "HealthMonitoring.SampleNsb3Host\HealthMonitoring.SampleNsb3Host.csproj", "{DEDA7C86-EC81-4C92-95CF-9BFBF7362B05}"
EndProject
Project("{FAE04EC0-301F-11D3-BF4B-00C04F79EFBC}") = "HealthMonitoring.Monitors.Nsb5.Msmq", "HealthMonitoring.Monitors.Nsb5.Msmq\HealthMonitoring.Monitors.Nsb5.Msmq.csproj", "{59F2C984-F0A4-402E-ADF3-FB5E1ED46B73}"
EndProject
Project("{FAE04EC0-301F-11D3-BF4B-00C04F79EFBC}") = "HealthMonitoring.Monitors.Nsb5.Messages", "HealthMonitoring.Monitors.Nsb5.Messages\HealthMonitoring.Monitors.Nsb5.Messages.csproj", "{1B4D7B04-ED24-4E94-9DC0-FBB142CD403E}"
EndProject
Project("{FAE04EC0-301F-11D3-BF4B-00C04F79EFBC}") = "HealthMonitoring.SampleNsb5Host.Msmq", "HealthMonitoring.SampleNsb5Host.Msmq\HealthMonitoring.SampleNsb5Host.Msmq.csproj", "{318A5BE2-CC1A-4768-9E80-0245F4374B7A}"
EndProject
Project("{FAE04EC0-301F-11D3-BF4B-00C04F79EFBC}") = "HealthMonitoring.SampleNsb5Host.RabbitMq", "HealthMonitoring.SampleNsb5Host.RabbitMq\HealthMonitoring.SampleNsb5Host.RabbitMq.csproj", "{F1D68DFC-6147-4831-8D03-05712A222F29}"
EndProject
Project("{FAE04EC0-301F-11D3-BF4B-00C04F79EFBC}") = "HealthMonitoring.Monitors.Nsb5.RabbitMq", "HealthMonitoring.Monitors.Nsb5.RabbitMq\HealthMonitoring.Monitors.Nsb5.RabbitMq.csproj", "{77CFC2D9-8306-439A-94B5-2F6C2A0B388C}"
EndProject
Project("{FAE04EC0-301F-11D3-BF4B-00C04F79EFBC}") = "HealthMonitoring.Monitors.SelfHost", "HealthMonitoring.Monitors.SelfHost\HealthMonitoring.Monitors.SelfHost.csproj", "{35E7D788-521C-4944-93F0-7C064B28F9A3}"
EndProject
Project("{FAE04EC0-301F-11D3-BF4B-00C04F79EFBC}") = "HealthMonitoring.Monitors.Core", "HealthMonitoring.Monitors.Core\HealthMonitoring.Monitors.Core.csproj", "{5656BBBD-1BF3-4160-BF1B-0EECC3AC97FA}"
EndProject
Project("{FAE04EC0-301F-11D3-BF4B-00C04F79EFBC}") = "HealthMonitoring.Management.Core", "HealthMonitoring.Management.Core\HealthMonitoring.Management.Core.csproj", "{DDEAC82F-7D78-4962-B180-9711D574AF8D}"
EndProject
Project("{FAE04EC0-301F-11D3-BF4B-00C04F79EFBC}") = "HealthMonitoring.Management.Core.UnitTests", "HealthMonitoring.Management.Core.UnitTests\HealthMonitoring.Management.Core.UnitTests.csproj", "{C52D6B95-1626-4FD0-A9A2-7D31F2D091C3}"
EndProject
Project("{FAE04EC0-301F-11D3-BF4B-00C04F79EFBC}") = "HealthMonitoring.Monitors.Core.UnitTests", "HealthMonitoring.Monitors.Core.UnitTests\HealthMonitoring.Monitors.Core.UnitTests.csproj", "{CB4EB4AD-DCFA-406A-8A06-51A1E31CDA81}"
EndProject
Project("{FAE04EC0-301F-11D3-BF4B-00C04F79EFBC}") = "HealthMonitoring.Api.UnitTests", "HealthMonitoring.Api.UnitTests\HealthMonitoring.Api.UnitTests.csproj", "{CB424169-E843-4256-81E4-372ACFE07B29}"
EndProject
Project("{FAE04EC0-301F-11D3-BF4B-00C04F79EFBC}") = "HealthMonitoring.UI.Tests", "HealthMonitoring.UI.Tests\HealthMonitoring.UI.Tests.csproj", "{516DF11D-AC0F-4DCA-95AA-763BFA87B983}"
EndProject
Project("{FAE04EC0-301F-11D3-BF4B-00C04F79EFBC}") = "HealthMonitoring.Forwarders", "HealthMonitoring.Forwarders\HealthMonitoring.Forwarders.csproj", "{4F5BD95D-ADAB-48C0-9BAA-3D28D7C4A78F}"
EndProject
Project("{FAE04EC0-301F-11D3-BF4B-00C04F79EFBC}") = "HealthMonitoring.Hosting", "HealthMonitoring.Hosting\HealthMonitoring.Hosting.csproj", "{06421081-E614-4C38-88E4-DFF85C5B7A5D}"
EndProject
Project("{2150E333-8FDC-42A3-9474-1A3956D46DE8}") = "Plugins", "Plugins", "{91A91C2C-1198-43E5-BFDA-D8F7D3521257}"
EndProject
Project("{2150E333-8FDC-42A3-9474-1A3956D46DE8}") = "Monitoring", "Monitoring", "{2815BE7D-698B-49A2-A07D-212DBEDF64A1}"
EndProject
Project("{2150E333-8FDC-42A3-9474-1A3956D46DE8}") = "API", "API", "{086EDED7-8692-42B8-BFB8-E03B1DB7B036}"
EndProject
Project("{2150E333-8FDC-42A3-9474-1A3956D46DE8}") = "Common", "Common", "{9ED472C3-4D98-46D1-B0FC-4C7AF45CDED9}"
EndProject
Project("{FAE04EC0-301F-11D3-BF4B-00C04F79EFBC}") = "HealthMonitoring.TestUtils", "HealthMonitoring.TestUtils\HealthMonitoring.TestUtils.csproj", "{88551F10-599D-48C4-974F-4AE7F66F6DDC}"
EndProject
Project("{FAE04EC0-301F-11D3-BF4B-00C04F79EFBC}") = "HealthMonitoring.UnitTests", "HealthMonitoring.UnitTests\HealthMonitoring.UnitTests.csproj", "{6AA6D3EF-3A85-488B-937F-1D1FC2391BF9}"
EndProject
Project("{2150E333-8FDC-42A3-9474-1A3956D46DE8}") = "Integration", "Integration", "{DA590DAB-17A4-4DDB-B43F-9EFB2C53C532}"
EndProject
Project("{FAE04EC0-301F-11D3-BF4B-00C04F79EFBC}") = "HealthMonitoring.Integration.PushClient", "HealthMonitoring.Integration.PushClient\HealthMonitoring.Integration.PushClient.csproj", "{83B5CDAC-0057-4BFE-923C-C3F6ED6D1E7F}"
EndProject
Project("{FAE04EC0-301F-11D3-BF4B-00C04F79EFBC}") = "HealthMonitoring.Integration.PushClient.UnitTests", "HealthMonitoring.Integration.PushClient.UnitTests\HealthMonitoring.Integration.PushClient.UnitTests.csproj", "{BF7A5A31-CBA0-44D1-A9A2-F68D6662748F}"
EndProject
Project("{2150E333-8FDC-42A3-9474-1A3956D46DE8}") = "Examples", "Examples", "{DC4C0EF7-F2B6-4B1A-B5D4-7E6C2976619B}"
EndProject
Project("{FAE04EC0-301F-11D3-BF4B-00C04F79EFBC}") = "HealthMonitoring.Examples.ServiceWithPushIntegration", "HealthMonitoring.Examples.ServiceWithPushIntegration\HealthMonitoring.Examples.ServiceWithPushIntegration.csproj", "{477A2FC6-8A0F-457A-B60B-5DAA2DCBA1A8}"
EndProject
Project("{FAE04EC0-301F-11D3-BF4B-00C04F79EFBC}") = "HealthMonitoring.Monitors.Nsb6.RabbitMq", "HealthMonitoring.Monitors.Nsb6.RabbitMq\HealthMonitoring.Monitors.Nsb6.RabbitMq.csproj", "{E41F26FB-56CE-4980-A031-C64A4FA81FAD}"
EndProject
Project("{FAE04EC0-301F-11D3-BF4B-00C04F79EFBC}") = "HealthMonitoring.Monitors.Nsb6.Messages", "HealthMonitoring.Monitors.Nsb6.Messages\HealthMonitoring.Monitors.Nsb6.Messages.csproj", "{F9E2EE2F-AEC4-4AEC-B116-5F03B396E379}"
EndProject
Project("{FAE04EC0-301F-11D3-BF4B-00C04F79EFBC}") = "HealthMonitoring.SampleNsb6Host.RabbitMq", "HealthMonitoring.SampleNsb6Host.RabbitMq\HealthMonitoring.SampleNsb6Host.RabbitMq.csproj", "{CC8E6267-4F07-4286-BDCC-C812572CD79D}"
EndProject
Global
	GlobalSection(SolutionConfigurationPlatforms) = preSolution
		Debug|Any CPU = Debug|Any CPU
		Release|Any CPU = Release|Any CPU
	EndGlobalSection
	GlobalSection(ProjectConfigurationPlatforms) = postSolution
		{B04E2F95-8F59-4B5C-AC93-4688EA6848D8}.Debug|Any CPU.ActiveCfg = Debug|Any CPU
		{B04E2F95-8F59-4B5C-AC93-4688EA6848D8}.Debug|Any CPU.Build.0 = Debug|Any CPU
		{B04E2F95-8F59-4B5C-AC93-4688EA6848D8}.Release|Any CPU.ActiveCfg = Release|Any CPU
		{B04E2F95-8F59-4B5C-AC93-4688EA6848D8}.Release|Any CPU.Build.0 = Release|Any CPU
		{C7EB3E43-9DC4-4D10-9799-3371133BAEF9}.Debug|Any CPU.ActiveCfg = Debug|Any CPU
		{C7EB3E43-9DC4-4D10-9799-3371133BAEF9}.Debug|Any CPU.Build.0 = Debug|Any CPU
		{C7EB3E43-9DC4-4D10-9799-3371133BAEF9}.Release|Any CPU.ActiveCfg = Release|Any CPU
		{C7EB3E43-9DC4-4D10-9799-3371133BAEF9}.Release|Any CPU.Build.0 = Release|Any CPU
		{798E64F8-B8E4-4638-8CA8-08B4AF984B06}.Debug|Any CPU.ActiveCfg = Debug|Any CPU
		{798E64F8-B8E4-4638-8CA8-08B4AF984B06}.Debug|Any CPU.Build.0 = Debug|Any CPU
		{798E64F8-B8E4-4638-8CA8-08B4AF984B06}.Release|Any CPU.ActiveCfg = Release|Any CPU
		{798E64F8-B8E4-4638-8CA8-08B4AF984B06}.Release|Any CPU.Build.0 = Release|Any CPU
		{D26577BB-BEA8-4911-8C25-37E268609E3F}.Debug|Any CPU.ActiveCfg = Debug|Any CPU
		{D26577BB-BEA8-4911-8C25-37E268609E3F}.Debug|Any CPU.Build.0 = Debug|Any CPU
		{D26577BB-BEA8-4911-8C25-37E268609E3F}.Release|Any CPU.ActiveCfg = Release|Any CPU
		{D26577BB-BEA8-4911-8C25-37E268609E3F}.Release|Any CPU.Build.0 = Release|Any CPU
		{B38787FD-3B64-47B3-82B9-381E34BBDC5F}.Debug|Any CPU.ActiveCfg = Debug|Any CPU
		{B38787FD-3B64-47B3-82B9-381E34BBDC5F}.Debug|Any CPU.Build.0 = Debug|Any CPU
		{B38787FD-3B64-47B3-82B9-381E34BBDC5F}.Release|Any CPU.ActiveCfg = Release|Any CPU
		{B38787FD-3B64-47B3-82B9-381E34BBDC5F}.Release|Any CPU.Build.0 = Release|Any CPU
		{CD713C15-4FCD-4AC2-B0B0-8173F580A0AF}.Debug|Any CPU.ActiveCfg = Debug|Any CPU
		{CD713C15-4FCD-4AC2-B0B0-8173F580A0AF}.Debug|Any CPU.Build.0 = Debug|Any CPU
		{CD713C15-4FCD-4AC2-B0B0-8173F580A0AF}.Release|Any CPU.ActiveCfg = Release|Any CPU
		{CD713C15-4FCD-4AC2-B0B0-8173F580A0AF}.Release|Any CPU.Build.0 = Release|Any CPU
		{FF304FBD-1BDF-49CD-8E2A-4E20D2083BA0}.Debug|Any CPU.ActiveCfg = Debug|Any CPU
		{FF304FBD-1BDF-49CD-8E2A-4E20D2083BA0}.Debug|Any CPU.Build.0 = Debug|Any CPU
		{FF304FBD-1BDF-49CD-8E2A-4E20D2083BA0}.Release|Any CPU.ActiveCfg = Release|Any CPU
		{FF304FBD-1BDF-49CD-8E2A-4E20D2083BA0}.Release|Any CPU.Build.0 = Release|Any CPU
		{951ADE4C-E0B1-4CA7-81DA-2038F6B18198}.Debug|Any CPU.ActiveCfg = Debug|Any CPU
		{951ADE4C-E0B1-4CA7-81DA-2038F6B18198}.Debug|Any CPU.Build.0 = Debug|Any CPU
		{951ADE4C-E0B1-4CA7-81DA-2038F6B18198}.Release|Any CPU.ActiveCfg = Release|Any CPU
		{951ADE4C-E0B1-4CA7-81DA-2038F6B18198}.Release|Any CPU.Build.0 = Release|Any CPU
		{D2B2C794-D3FB-4CC1-8FC0-DA4B627156C9}.Debug|Any CPU.ActiveCfg = Debug|Any CPU
		{D2B2C794-D3FB-4CC1-8FC0-DA4B627156C9}.Debug|Any CPU.Build.0 = Debug|Any CPU
		{D2B2C794-D3FB-4CC1-8FC0-DA4B627156C9}.Release|Any CPU.ActiveCfg = Release|Any CPU
		{D2B2C794-D3FB-4CC1-8FC0-DA4B627156C9}.Release|Any CPU.Build.0 = Release|Any CPU
		{DEDA7C86-EC81-4C92-95CF-9BFBF7362B05}.Debug|Any CPU.ActiveCfg = Debug|Any CPU
		{DEDA7C86-EC81-4C92-95CF-9BFBF7362B05}.Debug|Any CPU.Build.0 = Debug|Any CPU
		{DEDA7C86-EC81-4C92-95CF-9BFBF7362B05}.Release|Any CPU.ActiveCfg = Release|Any CPU
		{DEDA7C86-EC81-4C92-95CF-9BFBF7362B05}.Release|Any CPU.Build.0 = Release|Any CPU
		{59F2C984-F0A4-402E-ADF3-FB5E1ED46B73}.Debug|Any CPU.ActiveCfg = Debug|Any CPU
		{59F2C984-F0A4-402E-ADF3-FB5E1ED46B73}.Debug|Any CPU.Build.0 = Debug|Any CPU
		{59F2C984-F0A4-402E-ADF3-FB5E1ED46B73}.Release|Any CPU.ActiveCfg = Release|Any CPU
		{59F2C984-F0A4-402E-ADF3-FB5E1ED46B73}.Release|Any CPU.Build.0 = Release|Any CPU
		{1B4D7B04-ED24-4E94-9DC0-FBB142CD403E}.Debug|Any CPU.ActiveCfg = Debug|Any CPU
		{1B4D7B04-ED24-4E94-9DC0-FBB142CD403E}.Debug|Any CPU.Build.0 = Debug|Any CPU
		{1B4D7B04-ED24-4E94-9DC0-FBB142CD403E}.Release|Any CPU.ActiveCfg = Release|Any CPU
		{1B4D7B04-ED24-4E94-9DC0-FBB142CD403E}.Release|Any CPU.Build.0 = Release|Any CPU
		{318A5BE2-CC1A-4768-9E80-0245F4374B7A}.Debug|Any CPU.ActiveCfg = Debug|Any CPU
		{318A5BE2-CC1A-4768-9E80-0245F4374B7A}.Debug|Any CPU.Build.0 = Debug|Any CPU
		{318A5BE2-CC1A-4768-9E80-0245F4374B7A}.Release|Any CPU.ActiveCfg = Release|Any CPU
		{318A5BE2-CC1A-4768-9E80-0245F4374B7A}.Release|Any CPU.Build.0 = Release|Any CPU
		{F1D68DFC-6147-4831-8D03-05712A222F29}.Debug|Any CPU.ActiveCfg = Debug|Any CPU
		{F1D68DFC-6147-4831-8D03-05712A222F29}.Debug|Any CPU.Build.0 = Debug|Any CPU
		{F1D68DFC-6147-4831-8D03-05712A222F29}.Release|Any CPU.ActiveCfg = Release|Any CPU
		{F1D68DFC-6147-4831-8D03-05712A222F29}.Release|Any CPU.Build.0 = Release|Any CPU
		{77CFC2D9-8306-439A-94B5-2F6C2A0B388C}.Debug|Any CPU.ActiveCfg = Debug|Any CPU
		{77CFC2D9-8306-439A-94B5-2F6C2A0B388C}.Debug|Any CPU.Build.0 = Debug|Any CPU
		{77CFC2D9-8306-439A-94B5-2F6C2A0B388C}.Release|Any CPU.ActiveCfg = Release|Any CPU
		{77CFC2D9-8306-439A-94B5-2F6C2A0B388C}.Release|Any CPU.Build.0 = Release|Any CPU
		{35E7D788-521C-4944-93F0-7C064B28F9A3}.Debug|Any CPU.ActiveCfg = Debug|Any CPU
		{35E7D788-521C-4944-93F0-7C064B28F9A3}.Debug|Any CPU.Build.0 = Debug|Any CPU
		{35E7D788-521C-4944-93F0-7C064B28F9A3}.Release|Any CPU.ActiveCfg = Release|Any CPU
		{35E7D788-521C-4944-93F0-7C064B28F9A3}.Release|Any CPU.Build.0 = Release|Any CPU
		{5656BBBD-1BF3-4160-BF1B-0EECC3AC97FA}.Debug|Any CPU.ActiveCfg = Debug|Any CPU
		{5656BBBD-1BF3-4160-BF1B-0EECC3AC97FA}.Debug|Any CPU.Build.0 = Debug|Any CPU
		{5656BBBD-1BF3-4160-BF1B-0EECC3AC97FA}.Release|Any CPU.ActiveCfg = Release|Any CPU
		{5656BBBD-1BF3-4160-BF1B-0EECC3AC97FA}.Release|Any CPU.Build.0 = Release|Any CPU
		{DDEAC82F-7D78-4962-B180-9711D574AF8D}.Debug|Any CPU.ActiveCfg = Debug|Any CPU
		{DDEAC82F-7D78-4962-B180-9711D574AF8D}.Debug|Any CPU.Build.0 = Debug|Any CPU
		{DDEAC82F-7D78-4962-B180-9711D574AF8D}.Release|Any CPU.ActiveCfg = Release|Any CPU
		{DDEAC82F-7D78-4962-B180-9711D574AF8D}.Release|Any CPU.Build.0 = Release|Any CPU
		{C52D6B95-1626-4FD0-A9A2-7D31F2D091C3}.Debug|Any CPU.ActiveCfg = Debug|Any CPU
		{C52D6B95-1626-4FD0-A9A2-7D31F2D091C3}.Debug|Any CPU.Build.0 = Debug|Any CPU
		{C52D6B95-1626-4FD0-A9A2-7D31F2D091C3}.Release|Any CPU.ActiveCfg = Release|Any CPU
		{C52D6B95-1626-4FD0-A9A2-7D31F2D091C3}.Release|Any CPU.Build.0 = Release|Any CPU
		{CB4EB4AD-DCFA-406A-8A06-51A1E31CDA81}.Debug|Any CPU.ActiveCfg = Debug|Any CPU
		{CB4EB4AD-DCFA-406A-8A06-51A1E31CDA81}.Debug|Any CPU.Build.0 = Debug|Any CPU
		{CB4EB4AD-DCFA-406A-8A06-51A1E31CDA81}.Release|Any CPU.ActiveCfg = Release|Any CPU
		{CB4EB4AD-DCFA-406A-8A06-51A1E31CDA81}.Release|Any CPU.Build.0 = Release|Any CPU
		{CB424169-E843-4256-81E4-372ACFE07B29}.Debug|Any CPU.ActiveCfg = Debug|Any CPU
		{CB424169-E843-4256-81E4-372ACFE07B29}.Debug|Any CPU.Build.0 = Debug|Any CPU
		{CB424169-E843-4256-81E4-372ACFE07B29}.Release|Any CPU.ActiveCfg = Release|Any CPU
		{CB424169-E843-4256-81E4-372ACFE07B29}.Release|Any CPU.Build.0 = Release|Any CPU
		{516DF11D-AC0F-4DCA-95AA-763BFA87B983}.Debug|Any CPU.ActiveCfg = Debug|Any CPU
		{516DF11D-AC0F-4DCA-95AA-763BFA87B983}.Debug|Any CPU.Build.0 = Debug|Any CPU
		{516DF11D-AC0F-4DCA-95AA-763BFA87B983}.Release|Any CPU.ActiveCfg = Release|Any CPU
		{516DF11D-AC0F-4DCA-95AA-763BFA87B983}.Release|Any CPU.Build.0 = Release|Any CPU
		{4F5BD95D-ADAB-48C0-9BAA-3D28D7C4A78F}.Debug|Any CPU.ActiveCfg = Debug|Any CPU
		{4F5BD95D-ADAB-48C0-9BAA-3D28D7C4A78F}.Debug|Any CPU.Build.0 = Debug|Any CPU
		{4F5BD95D-ADAB-48C0-9BAA-3D28D7C4A78F}.Release|Any CPU.ActiveCfg = Release|Any CPU
		{4F5BD95D-ADAB-48C0-9BAA-3D28D7C4A78F}.Release|Any CPU.Build.0 = Release|Any CPU
		{06421081-E614-4C38-88E4-DFF85C5B7A5D}.Debug|Any CPU.ActiveCfg = Debug|Any CPU
		{06421081-E614-4C38-88E4-DFF85C5B7A5D}.Debug|Any CPU.Build.0 = Debug|Any CPU
		{06421081-E614-4C38-88E4-DFF85C5B7A5D}.Release|Any CPU.ActiveCfg = Release|Any CPU
		{06421081-E614-4C38-88E4-DFF85C5B7A5D}.Release|Any CPU.Build.0 = Release|Any CPU
		{88551F10-599D-48C4-974F-4AE7F66F6DDC}.Debug|Any CPU.ActiveCfg = Debug|Any CPU
		{88551F10-599D-48C4-974F-4AE7F66F6DDC}.Debug|Any CPU.Build.0 = Debug|Any CPU
		{88551F10-599D-48C4-974F-4AE7F66F6DDC}.Release|Any CPU.ActiveCfg = Release|Any CPU
		{88551F10-599D-48C4-974F-4AE7F66F6DDC}.Release|Any CPU.Build.0 = Release|Any CPU
		{6AA6D3EF-3A85-488B-937F-1D1FC2391BF9}.Debug|Any CPU.ActiveCfg = Debug|Any CPU
		{6AA6D3EF-3A85-488B-937F-1D1FC2391BF9}.Debug|Any CPU.Build.0 = Debug|Any CPU
		{6AA6D3EF-3A85-488B-937F-1D1FC2391BF9}.Release|Any CPU.ActiveCfg = Release|Any CPU
		{6AA6D3EF-3A85-488B-937F-1D1FC2391BF9}.Release|Any CPU.Build.0 = Release|Any CPU
		{83B5CDAC-0057-4BFE-923C-C3F6ED6D1E7F}.Debug|Any CPU.ActiveCfg = Debug|Any CPU
		{83B5CDAC-0057-4BFE-923C-C3F6ED6D1E7F}.Debug|Any CPU.Build.0 = Debug|Any CPU
		{83B5CDAC-0057-4BFE-923C-C3F6ED6D1E7F}.Release|Any CPU.ActiveCfg = Release|Any CPU
		{83B5CDAC-0057-4BFE-923C-C3F6ED6D1E7F}.Release|Any CPU.Build.0 = Release|Any CPU
		{BF7A5A31-CBA0-44D1-A9A2-F68D6662748F}.Debug|Any CPU.ActiveCfg = Debug|Any CPU
		{BF7A5A31-CBA0-44D1-A9A2-F68D6662748F}.Debug|Any CPU.Build.0 = Debug|Any CPU
		{BF7A5A31-CBA0-44D1-A9A2-F68D6662748F}.Release|Any CPU.ActiveCfg = Release|Any CPU
		{BF7A5A31-CBA0-44D1-A9A2-F68D6662748F}.Release|Any CPU.Build.0 = Release|Any CPU
		{477A2FC6-8A0F-457A-B60B-5DAA2DCBA1A8}.Debug|Any CPU.ActiveCfg = Debug|Any CPU
		{477A2FC6-8A0F-457A-B60B-5DAA2DCBA1A8}.Debug|Any CPU.Build.0 = Debug|Any CPU
		{477A2FC6-8A0F-457A-B60B-5DAA2DCBA1A8}.Release|Any CPU.ActiveCfg = Release|Any CPU
		{477A2FC6-8A0F-457A-B60B-5DAA2DCBA1A8}.Release|Any CPU.Build.0 = Release|Any CPU
		{E41F26FB-56CE-4980-A031-C64A4FA81FAD}.Debug|Any CPU.ActiveCfg = Debug|Any CPU
		{E41F26FB-56CE-4980-A031-C64A4FA81FAD}.Debug|Any CPU.Build.0 = Debug|Any CPU
		{E41F26FB-56CE-4980-A031-C64A4FA81FAD}.Release|Any CPU.ActiveCfg = Release|Any CPU
		{E41F26FB-56CE-4980-A031-C64A4FA81FAD}.Release|Any CPU.Build.0 = Release|Any CPU
		{F9E2EE2F-AEC4-4AEC-B116-5F03B396E379}.Debug|Any CPU.ActiveCfg = Debug|Any CPU
		{F9E2EE2F-AEC4-4AEC-B116-5F03B396E379}.Debug|Any CPU.Build.0 = Debug|Any CPU
		{F9E2EE2F-AEC4-4AEC-B116-5F03B396E379}.Release|Any CPU.ActiveCfg = Release|Any CPU
		{F9E2EE2F-AEC4-4AEC-B116-5F03B396E379}.Release|Any CPU.Build.0 = Release|Any CPU
		{CC8E6267-4F07-4286-BDCC-C812572CD79D}.Debug|Any CPU.ActiveCfg = Debug|Any CPU
		{CC8E6267-4F07-4286-BDCC-C812572CD79D}.Debug|Any CPU.Build.0 = Debug|Any CPU
		{CC8E6267-4F07-4286-BDCC-C812572CD79D}.Release|Any CPU.ActiveCfg = Release|Any CPU
		{CC8E6267-4F07-4286-BDCC-C812572CD79D}.Release|Any CPU.Build.0 = Release|Any CPU
	EndGlobalSection
	GlobalSection(SolutionProperties) = preSolution
		HideSolutionNode = FALSE
	EndGlobalSection
	GlobalSection(NestedProjects) = preSolution
		{B04E2F95-8F59-4B5C-AC93-4688EA6848D8} = {9ED472C3-4D98-46D1-B0FC-4C7AF45CDED9}
		{C7EB3E43-9DC4-4D10-9799-3371133BAEF9} = {086EDED7-8692-42B8-BFB8-E03B1DB7B036}
		{798E64F8-B8E4-4638-8CA8-08B4AF984B06} = {11868196-C99E-4959-BE4D-7BEB75B76986}
		{D26577BB-BEA8-4911-8C25-37E268609E3F} = {2815BE7D-698B-49A2-A07D-212DBEDF64A1}
		{B38787FD-3B64-47B3-82B9-381E34BBDC5F} = {F0A0E7E8-5BFB-483F-84DA-957D5930539B}
		{F0A0E7E8-5BFB-483F-84DA-957D5930539B} = {11868196-C99E-4959-BE4D-7BEB75B76986}
		{CD713C15-4FCD-4AC2-B0B0-8173F580A0AF} = {91A91C2C-1198-43E5-BFDA-D8F7D3521257}
		{FF304FBD-1BDF-49CD-8E2A-4E20D2083BA0} = {086EDED7-8692-42B8-BFB8-E03B1DB7B036}
		{951ADE4C-E0B1-4CA7-81DA-2038F6B18198} = {91A91C2C-1198-43E5-BFDA-D8F7D3521257}
		{D2B2C794-D3FB-4CC1-8FC0-DA4B627156C9} = {91A91C2C-1198-43E5-BFDA-D8F7D3521257}
		{DEDA7C86-EC81-4C92-95CF-9BFBF7362B05} = {F0A0E7E8-5BFB-483F-84DA-957D5930539B}
		{59F2C984-F0A4-402E-ADF3-FB5E1ED46B73} = {91A91C2C-1198-43E5-BFDA-D8F7D3521257}
		{1B4D7B04-ED24-4E94-9DC0-FBB142CD403E} = {91A91C2C-1198-43E5-BFDA-D8F7D3521257}
		{318A5BE2-CC1A-4768-9E80-0245F4374B7A} = {F0A0E7E8-5BFB-483F-84DA-957D5930539B}
		{F1D68DFC-6147-4831-8D03-05712A222F29} = {F0A0E7E8-5BFB-483F-84DA-957D5930539B}
		{77CFC2D9-8306-439A-94B5-2F6C2A0B388C} = {91A91C2C-1198-43E5-BFDA-D8F7D3521257}
		{35E7D788-521C-4944-93F0-7C064B28F9A3} = {2815BE7D-698B-49A2-A07D-212DBEDF64A1}
		{5656BBBD-1BF3-4160-BF1B-0EECC3AC97FA} = {2815BE7D-698B-49A2-A07D-212DBEDF64A1}
		{DDEAC82F-7D78-4962-B180-9711D574AF8D} = {086EDED7-8692-42B8-BFB8-E03B1DB7B036}
		{C52D6B95-1626-4FD0-A9A2-7D31F2D091C3} = {11868196-C99E-4959-BE4D-7BEB75B76986}
		{CB4EB4AD-DCFA-406A-8A06-51A1E31CDA81} = {11868196-C99E-4959-BE4D-7BEB75B76986}
		{CB424169-E843-4256-81E4-372ACFE07B29} = {11868196-C99E-4959-BE4D-7BEB75B76986}
		{516DF11D-AC0F-4DCA-95AA-763BFA87B983} = {11868196-C99E-4959-BE4D-7BEB75B76986}
		{4F5BD95D-ADAB-48C0-9BAA-3D28D7C4A78F} = {086EDED7-8692-42B8-BFB8-E03B1DB7B036}
		{06421081-E614-4C38-88E4-DFF85C5B7A5D} = {9ED472C3-4D98-46D1-B0FC-4C7AF45CDED9}
		{91A91C2C-1198-43E5-BFDA-D8F7D3521257} = {2815BE7D-698B-49A2-A07D-212DBEDF64A1}
		{88551F10-599D-48C4-974F-4AE7F66F6DDC} = {F0A0E7E8-5BFB-483F-84DA-957D5930539B}
		{6AA6D3EF-3A85-488B-937F-1D1FC2391BF9} = {11868196-C99E-4959-BE4D-7BEB75B76986}
		{83B5CDAC-0057-4BFE-923C-C3F6ED6D1E7F} = {DA590DAB-17A4-4DDB-B43F-9EFB2C53C532}
		{BF7A5A31-CBA0-44D1-A9A2-F68D6662748F} = {11868196-C99E-4959-BE4D-7BEB75B76986}
		{477A2FC6-8A0F-457A-B60B-5DAA2DCBA1A8} = {DC4C0EF7-F2B6-4B1A-B5D4-7E6C2976619B}
		{E41F26FB-56CE-4980-A031-C64A4FA81FAD} = {91A91C2C-1198-43E5-BFDA-D8F7D3521257}
		{F9E2EE2F-AEC4-4AEC-B116-5F03B396E379} = {91A91C2C-1198-43E5-BFDA-D8F7D3521257}
		{CC8E6267-4F07-4286-BDCC-C812572CD79D} = {F0A0E7E8-5BFB-483F-84DA-957D5930539B}
	EndGlobalSection
EndGlobal
