
Microsoft Visual Studio Solution File, Format Version 12.00
# Visual Studio 14
VisualStudioVersion = 14.0.24720.0
MinimumVisualStudioVersion = 10.0.40219.1
Project("{2150E333-8FDC-42A3-9474-1A3956D46DE8}") = ".nuget", ".nuget", "{212FDE21-E4C5-41F5-B898-0435636D1EE7}"
	ProjectSection(SolutionItems) = preProject
		.nuget\NuGet.Config = .nuget\NuGet.Config
		.nuget\NuGet.exe = .nuget\NuGet.exe
	EndProjectSection
EndProject
Project("{2150E333-8FDC-42A3-9474-1A3956D46DE8}") = "Solution Items", "Solution Items", "{37A2A7DB-6E71-4C51-940F-DD23AC4C0929}"
	ProjectSection(SolutionItems) = preProject
		HealthMonitoring.Monitors.Http-deploy.nuspec = HealthMonitoring.Monitors.Http-deploy.nuspec
		HealthMonitoring.Monitors.Nsb3-deploy.nuspec = HealthMonitoring.Monitors.Nsb3-deploy.nuspec
		HealthMonitoring.Monitors.Nsb5.Msmq-deploy.nuspec = HealthMonitoring.Monitors.Nsb5.Msmq-deploy.nuspec
		HealthMonitoring.Monitors.Nsb5.Rabbitmq-deploy.nuspec = HealthMonitoring.Monitors.Nsb5.Rabbitmq-deploy.nuspec
		HealthMonitoring.Service-deploy.nuspec = HealthMonitoring.Service-deploy.nuspec
		LICENSE = LICENSE
		README.md = README.md
	EndProjectSection
EndProject
Project("{FAE04EC0-301F-11D3-BF4B-00C04F79EFBC}") = "HealthMonitoring", "HealthMonitoring\HealthMonitoring.csproj", "{B04E2F95-8F59-4B5C-AC93-4688EA6848D8}"
EndProject
Project("{FAE04EC0-301F-11D3-BF4B-00C04F79EFBC}") = "HealthMonitoring.SelfHost", "HealthMonitoring.SelfHost\HealthMonitoring.SelfHost.csproj", "{C7EB3E43-9DC4-4D10-9799-3371133BAEF9}"
EndProject
Project("{2150E333-8FDC-42A3-9474-1A3956D46DE8}") = "Tests", "Tests", "{11868196-C99E-4959-BE4D-7BEB75B76986}"
EndProject
Project("{FAE04EC0-301F-11D3-BF4B-00C04F79EFBC}") = "HealthMonitoring.AcceptanceTests", "HealthMonitoring.AcceptanceTests\HealthMonitoring.AcceptanceTests.csproj", "{798E64F8-B8E4-4638-8CA8-08B4AF984B06}"
	ProjectSection(ProjectDependencies) = postProject
		{C7EB3E43-9DC4-4D10-9799-3371133BAEF9} = {C7EB3E43-9DC4-4D10-9799-3371133BAEF9}
		{DEDA7C86-EC81-4C92-95CF-9BFBF7362B05} = {DEDA7C86-EC81-4C92-95CF-9BFBF7362B05}
		{35E7D788-521C-4944-93F0-7C064B28F9A3} = {35E7D788-521C-4944-93F0-7C064B28F9A3}
		{D2B2C794-D3FB-4CC1-8FC0-DA4B627156C9} = {D2B2C794-D3FB-4CC1-8FC0-DA4B627156C9}
	EndProjectSection
EndProject
Project("{FAE04EC0-301F-11D3-BF4B-00C04F79EFBC}") = "HealthMonitoring.Monitors", "HealthMonitoring.Monitors\HealthMonitoring.Monitors.csproj", "{D26577BB-BEA8-4911-8C25-37E268609E3F}"
EndProject
Project("{FAE04EC0-301F-11D3-BF4B-00C04F79EFBC}") = "HealthMonitoring.Monitors.Broken", "HealthMonitoring.Monitors.Broken\HealthMonitoring.Monitors.Broken.csproj", "{B38787FD-3B64-47B3-82B9-381E34BBDC5F}"
EndProject
Project("{2150E333-8FDC-42A3-9474-1A3956D46DE8}") = "Helpers", "Helpers", "{F0A0E7E8-5BFB-483F-84DA-957D5930539B}"
EndProject
Project("{FAE04EC0-301F-11D3-BF4B-00C04F79EFBC}") = "HealthMonitoring.Monitors.Http", "HealthMonitoring.Monitors.Http\HealthMonitoring.Monitors.Http.csproj", "{CD713C15-4FCD-4AC2-B0B0-8173F580A0AF}"
EndProject
Project("{FAE04EC0-301F-11D3-BF4B-00C04F79EFBC}") = "HealthMonitoring.Persistence", "HealthMonitoring.Persistence\HealthMonitoring.Persistence.csproj", "{FF304FBD-1BDF-49CD-8E2A-4E20D2083BA0}"
EndProject
Project("{FAE04EC0-301F-11D3-BF4B-00C04F79EFBC}") = "HealthMonitoring.Monitors.Nsb3.Messages", "HealthMonitoring.Monitors.Nsb3.Messages\HealthMonitoring.Monitors.Nsb3.Messages.csproj", "{951ADE4C-E0B1-4CA7-81DA-2038F6B18198}"
EndProject
Project("{FAE04EC0-301F-11D3-BF4B-00C04F79EFBC}") = "HealthMonitoring.Monitors.Nsb3", "HealthMonitoring.Monitors.Nsb3\HealthMonitoring.Monitors.Nsb3.csproj", "{D2B2C794-D3FB-4CC1-8FC0-DA4B627156C9}"
EndProject
Project("{2150E333-8FDC-42A3-9474-1A3956D46DE8}") = "Helpers", "Helpers", "{E92D0044-EBF8-4893-B402-1754AA5B173D}"
EndProject
Project("{FAE04EC0-301F-11D3-BF4B-00C04F79EFBC}") = "HealthMonitoring.SampleNsb3Host", "HealthMonitoring.SampleNsb3Host\HealthMonitoring.SampleNsb3Host.csproj", "{DEDA7C86-EC81-4C92-95CF-9BFBF7362B05}"
EndProject
Project("{FAE04EC0-301F-11D3-BF4B-00C04F79EFBC}") = "HealthMonitoring.Monitors.Nsb5.Msmq", "HealthMonitoring.Monitors.Nsb5.Msmq\HealthMonitoring.Monitors.Nsb5.Msmq.csproj", "{59F2C984-F0A4-402E-ADF3-FB5E1ED46B73}"
EndProject
Project("{FAE04EC0-301F-11D3-BF4B-00C04F79EFBC}") = "HealthMonitoring.Monitors.Nsb5.Messages", "HealthMonitoring.Monitors.Nsb5.Messages\HealthMonitoring.Monitors.Nsb5.Messages.csproj", "{1B4D7B04-ED24-4E94-9DC0-FBB142CD403E}"
EndProject
Project("{FAE04EC0-301F-11D3-BF4B-00C04F79EFBC}") = "HealthMonitoring.SampleNsb5Host.Msmq", "HealthMonitoring.SampleNsb5Host.Msmq\HealthMonitoring.SampleNsb5Host.Msmq.csproj", "{318A5BE2-CC1A-4768-9E80-0245F4374B7A}"
EndProject
Project("{FAE04EC0-301F-11D3-BF4B-00C04F79EFBC}") = "HealthMonitoring.SampleNsb5Host.Rabbitmq", "HealthMonitoring.SampleNsb5Host.Rabbitmq\HealthMonitoring.SampleNsb5Host.Rabbitmq.csproj", "{F1D68DFC-6147-4831-8D03-05712A222F29}"
EndProject
Project("{FAE04EC0-301F-11D3-BF4B-00C04F79EFBC}") = "HealthMonitoring.Monitors.Nsb5.Rabbitmq", "HealthMonitoring.Monitors.Nsb5.Rabbitmq\HealthMonitoring.Monitors.Nsb5.Rabbitmq.csproj", "{77CFC2D9-8306-439A-94B5-2F6C2A0B388C}"
EndProject
Project("{FAE04EC0-301F-11D3-BF4B-00C04F79EFBC}") = "HealthMonitoring.Monitors.SelfHost", "HealthMonitoring.Monitors.SelfHost\HealthMonitoring.Monitors.SelfHost.csproj", "{35E7D788-521C-4944-93F0-7C064B28F9A3}"
EndProject
Project("{FAE04EC0-301F-11D3-BF4B-00C04F79EFBC}") = "HealthMonitoring.Monitors.Core", "HealthMonitoring.Monitors.Core\HealthMonitoring.Monitors.Core.csproj", "{5656BBBD-1BF3-4160-BF1B-0EECC3AC97FA}"
EndProject
Project("{FAE04EC0-301F-11D3-BF4B-00C04F79EFBC}") = "HealthMonitoring.Management.Core", "HealthMonitoring.Management.Core\HealthMonitoring.Management.Core.csproj", "{DDEAC82F-7D78-4962-B180-9711D574AF8D}"
EndProject
Project("{FAE04EC0-301F-11D3-BF4B-00C04F79EFBC}") = "HealthMonitoring.Management.Core.UnitTests", "HealthMonitoring.Management.Core.UnitTests\HealthMonitoring.Management.Core.UnitTests.csproj", "{C52D6B95-1626-4FD0-A9A2-7D31F2D091C3}"
EndProject
Project("{FAE04EC0-301F-11D3-BF4B-00C04F79EFBC}") = "HealthMonitoring.Monitors.Core.UnitTests", "HealthMonitoring.Monitors.Core.UnitTests\HealthMonitoring.Monitors.Core.UnitTests.csproj", "{CB4EB4AD-DCFA-406A-8A06-51A1E31CDA81}"
EndProject
Project("{FAE04EC0-301F-11D3-BF4B-00C04F79EFBC}") = "HealthMonitoring.Api.UnitTests", "HealthMonitoring.Api.UnitTests\HealthMonitoring.Api.UnitTests.csproj", "{CB424169-E843-4256-81E4-372ACFE07B29}"
EndProject
Global
	GlobalSection(SolutionConfigurationPlatforms) = preSolution
		Debug|Any CPU = Debug|Any CPU
		Release|Any CPU = Release|Any CPU
	EndGlobalSection
	GlobalSection(ProjectConfigurationPlatforms) = postSolution
		{B04E2F95-8F59-4B5C-AC93-4688EA6848D8}.Debug|Any CPU.ActiveCfg = Debug|Any CPU
		{B04E2F95-8F59-4B5C-AC93-4688EA6848D8}.Debug|Any CPU.Build.0 = Debug|Any CPU
		{B04E2F95-8F59-4B5C-AC93-4688EA6848D8}.Release|Any CPU.ActiveCfg = Release|Any CPU
		{B04E2F95-8F59-4B5C-AC93-4688EA6848D8}.Release|Any CPU.Build.0 = Release|Any CPU
		{C7EB3E43-9DC4-4D10-9799-3371133BAEF9}.Debug|Any CPU.ActiveCfg = Debug|Any CPU
		{C7EB3E43-9DC4-4D10-9799-3371133BAEF9}.Debug|Any CPU.Build.0 = Debug|Any CPU
		{C7EB3E43-9DC4-4D10-9799-3371133BAEF9}.Release|Any CPU.ActiveCfg = Release|Any CPU
		{C7EB3E43-9DC4-4D10-9799-3371133BAEF9}.Release|Any CPU.Build.0 = Release|Any CPU
		{798E64F8-B8E4-4638-8CA8-08B4AF984B06}.Debug|Any CPU.ActiveCfg = Debug|Any CPU
		{798E64F8-B8E4-4638-8CA8-08B4AF984B06}.Debug|Any CPU.Build.0 = Debug|Any CPU
		{798E64F8-B8E4-4638-8CA8-08B4AF984B06}.Release|Any CPU.ActiveCfg = Release|Any CPU
		{798E64F8-B8E4-4638-8CA8-08B4AF984B06}.Release|Any CPU.Build.0 = Release|Any CPU
		{D26577BB-BEA8-4911-8C25-37E268609E3F}.Debug|Any CPU.ActiveCfg = Debug|Any CPU
		{D26577BB-BEA8-4911-8C25-37E268609E3F}.Debug|Any CPU.Build.0 = Debug|Any CPU
		{D26577BB-BEA8-4911-8C25-37E268609E3F}.Release|Any CPU.ActiveCfg = Release|Any CPU
		{D26577BB-BEA8-4911-8C25-37E268609E3F}.Release|Any CPU.Build.0 = Release|Any CPU
		{B38787FD-3B64-47B3-82B9-381E34BBDC5F}.Debug|Any CPU.ActiveCfg = Debug|Any CPU
		{B38787FD-3B64-47B3-82B9-381E34BBDC5F}.Debug|Any CPU.Build.0 = Debug|Any CPU
		{B38787FD-3B64-47B3-82B9-381E34BBDC5F}.Release|Any CPU.ActiveCfg = Release|Any CPU
		{B38787FD-3B64-47B3-82B9-381E34BBDC5F}.Release|Any CPU.Build.0 = Release|Any CPU
		{CD713C15-4FCD-4AC2-B0B0-8173F580A0AF}.Debug|Any CPU.ActiveCfg = Debug|Any CPU
		{CD713C15-4FCD-4AC2-B0B0-8173F580A0AF}.Debug|Any CPU.Build.0 = Debug|Any CPU
		{CD713C15-4FCD-4AC2-B0B0-8173F580A0AF}.Release|Any CPU.ActiveCfg = Release|Any CPU
		{CD713C15-4FCD-4AC2-B0B0-8173F580A0AF}.Release|Any CPU.Build.0 = Release|Any CPU
		{FF304FBD-1BDF-49CD-8E2A-4E20D2083BA0}.Debug|Any CPU.ActiveCfg = Debug|Any CPU
		{FF304FBD-1BDF-49CD-8E2A-4E20D2083BA0}.Debug|Any CPU.Build.0 = Debug|Any CPU
		{FF304FBD-1BDF-49CD-8E2A-4E20D2083BA0}.Release|Any CPU.ActiveCfg = Release|Any CPU
		{FF304FBD-1BDF-49CD-8E2A-4E20D2083BA0}.Release|Any CPU.Build.0 = Release|Any CPU
		{951ADE4C-E0B1-4CA7-81DA-2038F6B18198}.Debug|Any CPU.ActiveCfg = Debug|Any CPU
		{951ADE4C-E0B1-4CA7-81DA-2038F6B18198}.Debug|Any CPU.Build.0 = Debug|Any CPU
		{951ADE4C-E0B1-4CA7-81DA-2038F6B18198}.Release|Any CPU.ActiveCfg = Release|Any CPU
		{951ADE4C-E0B1-4CA7-81DA-2038F6B18198}.Release|Any CPU.Build.0 = Release|Any CPU
		{D2B2C794-D3FB-4CC1-8FC0-DA4B627156C9}.Debug|Any CPU.ActiveCfg = Debug|Any CPU
		{D2B2C794-D3FB-4CC1-8FC0-DA4B627156C9}.Debug|Any CPU.Build.0 = Debug|Any CPU
		{D2B2C794-D3FB-4CC1-8FC0-DA4B627156C9}.Release|Any CPU.ActiveCfg = Release|Any CPU
		{D2B2C794-D3FB-4CC1-8FC0-DA4B627156C9}.Release|Any CPU.Build.0 = Release|Any CPU
		{DEDA7C86-EC81-4C92-95CF-9BFBF7362B05}.Debug|Any CPU.ActiveCfg = Debug|Any CPU
		{DEDA7C86-EC81-4C92-95CF-9BFBF7362B05}.Debug|Any CPU.Build.0 = Debug|Any CPU
		{DEDA7C86-EC81-4C92-95CF-9BFBF7362B05}.Release|Any CPU.ActiveCfg = Release|Any CPU
		{DEDA7C86-EC81-4C92-95CF-9BFBF7362B05}.Release|Any CPU.Build.0 = Release|Any CPU
		{59F2C984-F0A4-402E-ADF3-FB5E1ED46B73}.Debug|Any CPU.ActiveCfg = Debug|Any CPU
		{59F2C984-F0A4-402E-ADF3-FB5E1ED46B73}.Debug|Any CPU.Build.0 = Debug|Any CPU
		{59F2C984-F0A4-402E-ADF3-FB5E1ED46B73}.Release|Any CPU.ActiveCfg = Release|Any CPU
		{59F2C984-F0A4-402E-ADF3-FB5E1ED46B73}.Release|Any CPU.Build.0 = Release|Any CPU
		{1B4D7B04-ED24-4E94-9DC0-FBB142CD403E}.Debug|Any CPU.ActiveCfg = Debug|Any CPU
		{1B4D7B04-ED24-4E94-9DC0-FBB142CD403E}.Debug|Any CPU.Build.0 = Debug|Any CPU
		{1B4D7B04-ED24-4E94-9DC0-FBB142CD403E}.Release|Any CPU.ActiveCfg = Release|Any CPU
		{1B4D7B04-ED24-4E94-9DC0-FBB142CD403E}.Release|Any CPU.Build.0 = Release|Any CPU
		{318A5BE2-CC1A-4768-9E80-0245F4374B7A}.Debug|Any CPU.ActiveCfg = Debug|Any CPU
		{318A5BE2-CC1A-4768-9E80-0245F4374B7A}.Debug|Any CPU.Build.0 = Debug|Any CPU
		{318A5BE2-CC1A-4768-9E80-0245F4374B7A}.Release|Any CPU.ActiveCfg = Release|Any CPU
		{318A5BE2-CC1A-4768-9E80-0245F4374B7A}.Release|Any CPU.Build.0 = Release|Any CPU
		{F1D68DFC-6147-4831-8D03-05712A222F29}.Debug|Any CPU.ActiveCfg = Debug|Any CPU
		{F1D68DFC-6147-4831-8D03-05712A222F29}.Debug|Any CPU.Build.0 = Debug|Any CPU
		{F1D68DFC-6147-4831-8D03-05712A222F29}.Release|Any CPU.ActiveCfg = Release|Any CPU
		{F1D68DFC-6147-4831-8D03-05712A222F29}.Release|Any CPU.Build.0 = Release|Any CPU
		{77CFC2D9-8306-439A-94B5-2F6C2A0B388C}.Debug|Any CPU.ActiveCfg = Debug|Any CPU
		{77CFC2D9-8306-439A-94B5-2F6C2A0B388C}.Debug|Any CPU.Build.0 = Debug|Any CPU
		{77CFC2D9-8306-439A-94B5-2F6C2A0B388C}.Release|Any CPU.ActiveCfg = Release|Any CPU
		{77CFC2D9-8306-439A-94B5-2F6C2A0B388C}.Release|Any CPU.Build.0 = Release|Any CPU
		{35E7D788-521C-4944-93F0-7C064B28F9A3}.Debug|Any CPU.ActiveCfg = Debug|Any CPU
		{35E7D788-521C-4944-93F0-7C064B28F9A3}.Debug|Any CPU.Build.0 = Debug|Any CPU
		{35E7D788-521C-4944-93F0-7C064B28F9A3}.Release|Any CPU.ActiveCfg = Release|Any CPU
		{35E7D788-521C-4944-93F0-7C064B28F9A3}.Release|Any CPU.Build.0 = Release|Any CPU
		{5656BBBD-1BF3-4160-BF1B-0EECC3AC97FA}.Debug|Any CPU.ActiveCfg = Debug|Any CPU
		{5656BBBD-1BF3-4160-BF1B-0EECC3AC97FA}.Debug|Any CPU.Build.0 = Debug|Any CPU
		{5656BBBD-1BF3-4160-BF1B-0EECC3AC97FA}.Release|Any CPU.ActiveCfg = Release|Any CPU
		{5656BBBD-1BF3-4160-BF1B-0EECC3AC97FA}.Release|Any CPU.Build.0 = Release|Any CPU
		{DDEAC82F-7D78-4962-B180-9711D574AF8D}.Debug|Any CPU.ActiveCfg = Debug|Any CPU
		{DDEAC82F-7D78-4962-B180-9711D574AF8D}.Debug|Any CPU.Build.0 = Debug|Any CPU
		{DDEAC82F-7D78-4962-B180-9711D574AF8D}.Release|Any CPU.ActiveCfg = Release|Any CPU
		{DDEAC82F-7D78-4962-B180-9711D574AF8D}.Release|Any CPU.Build.0 = Release|Any CPU
		{C52D6B95-1626-4FD0-A9A2-7D31F2D091C3}.Debug|Any CPU.ActiveCfg = Debug|Any CPU
		{C52D6B95-1626-4FD0-A9A2-7D31F2D091C3}.Debug|Any CPU.Build.0 = Debug|Any CPU
		{C52D6B95-1626-4FD0-A9A2-7D31F2D091C3}.Release|Any CPU.ActiveCfg = Release|Any CPU
		{C52D6B95-1626-4FD0-A9A2-7D31F2D091C3}.Release|Any CPU.Build.0 = Release|Any CPU
		{CB4EB4AD-DCFA-406A-8A06-51A1E31CDA81}.Debug|Any CPU.ActiveCfg = Debug|Any CPU
		{CB4EB4AD-DCFA-406A-8A06-51A1E31CDA81}.Debug|Any CPU.Build.0 = Debug|Any CPU
		{CB4EB4AD-DCFA-406A-8A06-51A1E31CDA81}.Release|Any CPU.ActiveCfg = Release|Any CPU
		{CB4EB4AD-DCFA-406A-8A06-51A1E31CDA81}.Release|Any CPU.Build.0 = Release|Any CPU
		{CB424169-E843-4256-81E4-372ACFE07B29}.Debug|Any CPU.ActiveCfg = Debug|Any CPU
		{CB424169-E843-4256-81E4-372ACFE07B29}.Debug|Any CPU.Build.0 = Debug|Any CPU
		{CB424169-E843-4256-81E4-372ACFE07B29}.Release|Any CPU.ActiveCfg = Release|Any CPU
		{CB424169-E843-4256-81E4-372ACFE07B29}.Release|Any CPU.Build.0 = Release|Any CPU
	EndGlobalSection
	GlobalSection(SolutionProperties) = preSolution
		HideSolutionNode = FALSE
	EndGlobalSection
	GlobalSection(NestedProjects) = preSolution
		{798E64F8-B8E4-4638-8CA8-08B4AF984B06} = {11868196-C99E-4959-BE4D-7BEB75B76986}
		{B38787FD-3B64-47B3-82B9-381E34BBDC5F} = {F0A0E7E8-5BFB-483F-84DA-957D5930539B}
		{F0A0E7E8-5BFB-483F-84DA-957D5930539B} = {11868196-C99E-4959-BE4D-7BEB75B76986}
		{DEDA7C86-EC81-4C92-95CF-9BFBF7362B05} = {E92D0044-EBF8-4893-B402-1754AA5B173D}
		{318A5BE2-CC1A-4768-9E80-0245F4374B7A} = {E92D0044-EBF8-4893-B402-1754AA5B173D}
		{F1D68DFC-6147-4831-8D03-05712A222F29} = {E92D0044-EBF8-4893-B402-1754AA5B173D}
		{C52D6B95-1626-4FD0-A9A2-7D31F2D091C3} = {11868196-C99E-4959-BE4D-7BEB75B76986}
		{CB4EB4AD-DCFA-406A-8A06-51A1E31CDA81} = {11868196-C99E-4959-BE4D-7BEB75B76986}
		{CB424169-E843-4256-81E4-372ACFE07B29} = {11868196-C99E-4959-BE4D-7BEB75B76986}
	EndGlobalSection
EndGlobal
